
Microsoft Visual Studio Solution File, Format Version 12.00
# Visual Studio 14
VisualStudioVersion = 14.0.25420.1
MinimumVisualStudioVersion = 10.0.40219.1
Project("{FAE04EC0-301F-11D3-BF4B-00C04F79EFBC}") = "Power_Bingo", "Power_Bingo\Power_Bingo.csproj", "{AE302E79-E7AC-4D9D-9F05-9199428C799A}"
EndProject
Global
	GlobalSection(SolutionConfigurationPlatforms) = preSolution
		Debug|Any CPU = Debug|Any CPU
		Release|Any CPU = Release|Any CPU
	EndGlobalSection
	GlobalSection(ProjectConfigurationPlatforms) = postSolution
		{AE302E79-E7AC-4D9D-9F05-9199428C799A}.Debug|Any CPU.ActiveCfg = Debug|Any CPU
		{AE302E79-E7AC-4D9D-9F05-9199428C799A}.Debug|Any CPU.Build.0 = Debug|Any CPU
		{AE302E79-E7AC-4D9D-9F05-9199428C799A}.Release|Any CPU.ActiveCfg = Release|Any CPU
		{AE302E79-E7AC-4D9D-9F05-9199428C799A}.Release|Any CPU.Build.0 = Release|Any CPU
	EndGlobalSection
	GlobalSection(SolutionProperties) = preSolution
		HideSolutionNode = FALSE
	EndGlobalSection
EndGlobal
